// !$*UTF8*$!
{
	archiveVersion = 1;
	classes = {
	};
	objectVersion = 56;
	objects = {

/* Begin PBXBuildFile section */
		17142ACF2B24E66600AD195C /* TrackerCategoryViewController.swift in Sources */ = {isa = PBXBuildFile; fileRef = 17142ACE2B24E66600AD195C /* TrackerCategoryViewController.swift */; };
		17142AD32B27228C00AD195C /* IrregularTrackerCreationViewController.swift in Sources */ = {isa = PBXBuildFile; fileRef = 17142AD22B27228C00AD195C /* IrregularTrackerCreationViewController.swift */; };
		173423182B1F4223003DE074 /* UITextField+Extetions.swift in Sources */ = {isa = PBXBuildFile; fileRef = 173423172B1F4223003DE074 /* UITextField+Extetions.swift */; };
		1734231A2B1F4838003DE074 /* TrackerScheduleViewController.swift in Sources */ = {isa = PBXBuildFile; fileRef = 173423192B1F4838003DE074 /* TrackerScheduleViewController.swift */; };
		1734231C2B2089AA003DE074 /* ScheduleCell.swift in Sources */ = {isa = PBXBuildFile; fileRef = 1734231B2B2089AA003DE074 /* ScheduleCell.swift */; };
		173A52202B29E8C6001A9CC6 /* PropertiesCollectionViewSectionHeader.swift in Sources */ = {isa = PBXBuildFile; fileRef = 173A521F2B29E8C6001A9CC6 /* PropertiesCollectionViewSectionHeader.swift */; };
		174A0C932B287EBF009F9EF2 /* EmojiCell.swift in Sources */ = {isa = PBXBuildFile; fileRef = 174A0C922B287EBF009F9EF2 /* EmojiCell.swift */; };
		174A0C952B28C8B9009F9EF2 /* ColorCell.swift in Sources */ = {isa = PBXBuildFile; fileRef = 174A0C942B28C8B9009F9EF2 /* ColorCell.swift */; };
		174C26412B27783200AB1A1F /* UIColor+Extensions.swift in Sources */ = {isa = PBXBuildFile; fileRef = 174C26402B27783200AB1A1F /* UIColor+Extensions.swift */; };
		17A5B2772B387CBB000BB8E2 /* TrackerStore.swift in Sources */ = {isa = PBXBuildFile; fileRef = 17A5B2762B387CBB000BB8E2 /* TrackerStore.swift */; };
		17A5B2792B389318000BB8E2 /* TrackerCategoryStore.swift in Sources */ = {isa = PBXBuildFile; fileRef = 17A5B2782B389318000BB8E2 /* TrackerCategoryStore.swift */; };
		17A5B27B2B38940E000BB8E2 /* TrackerRecordStore.swift in Sources */ = {isa = PBXBuildFile; fileRef = 17A5B27A2B38940E000BB8E2 /* TrackerRecordStore.swift */; };
		17B336572B30524B00A14BF2 /* TrackersData.xcdatamodeld in Sources */ = {isa = PBXBuildFile; fileRef = 17B336552B30524B00A14BF2 /* TrackersData.xcdatamodeld */; };
		17B8E7662AE0491B00875EE0 /* AppDelegate.swift in Sources */ = {isa = PBXBuildFile; fileRef = 17B8E7652AE0491B00875EE0 /* AppDelegate.swift */; };
		17B8E76F2AE0491C00875EE0 /* Assets.xcassets in Resources */ = {isa = PBXBuildFile; fileRef = 17B8E76E2AE0491C00875EE0 /* Assets.xcassets */; };
		17B8E7722AE0491C00875EE0 /* LaunchScreen.storyboard in Resources */ = {isa = PBXBuildFile; fileRef = 17B8E7702AE0491C00875EE0 /* LaunchScreen.storyboard */; };
		17B8E77A2AE04AB700875EE0 /* SplashScreenViewController.swift in Sources */ = {isa = PBXBuildFile; fileRef = 17B8E7792AE04AB700875EE0 /* SplashScreenViewController.swift */; };
		17B8E77C2AE04AD000875EE0 /* TabBarController.swift in Sources */ = {isa = PBXBuildFile; fileRef = 17B8E77B2AE04AD000875EE0 /* TabBarController.swift */; };
		17B8E77E2AE04AE700875EE0 /* StatisticsViewController.swift in Sources */ = {isa = PBXBuildFile; fileRef = 17B8E77D2AE04AE700875EE0 /* StatisticsViewController.swift */; };
		17B8E7802AE04AFD00875EE0 /* TrackersViewController.swift in Sources */ = {isa = PBXBuildFile; fileRef = 17B8E77F2AE04AFD00875EE0 /* TrackersViewController.swift */; };
		17C23AFF2AE275B8003148BF /* TrackerCell.swift in Sources */ = {isa = PBXBuildFile; fileRef = 17C23AFE2AE275B8003148BF /* TrackerCell.swift */; };
		17C23B032AE2C123003148BF /* EmojiPicker in Frameworks */ = {isa = PBXBuildFile; productRef = 17C23B022AE2C123003148BF /* EmojiPicker */; };
		17C23B072AE3FC6B003148BF /* TrackerTypeChoiceViewController.swift in Sources */ = {isa = PBXBuildFile; fileRef = 17C23B062AE3FC6B003148BF /* TrackerTypeChoiceViewController.swift */; };
		17C9F0E12AE66F5B005CC7ED /* TrackerCreationViewController.swift in Sources */ = {isa = PBXBuildFile; fileRef = 17C9F0E02AE66F5B005CC7ED /* TrackerCreationViewController.swift */; };
		17C9F0E42AEA7E80005CC7ED /* Tracker.swift in Sources */ = {isa = PBXBuildFile; fileRef = 17C9F0E32AEA7E80005CC7ED /* Tracker.swift */; };
		17C9F0E72AEA7FA3005CC7ED /* TrackerSchedule.swift in Sources */ = {isa = PBXBuildFile; fileRef = 17C9F0E62AEA7FA3005CC7ED /* TrackerSchedule.swift */; };
		17C9F0E92AEA8037005CC7ED /* TrackerCategory.swift in Sources */ = {isa = PBXBuildFile; fileRef = 17C9F0E82AEA8037005CC7ED /* TrackerCategory.swift */; };
		17C9F0EB2AEA80DE005CC7ED /* TrackerRecord.swift in Sources */ = {isa = PBXBuildFile; fileRef = 17C9F0EA2AEA80DE005CC7ED /* TrackerRecord.swift */; };
		17C9F0ED2AEAC356005CC7ED /* TrackersCollectionViewSectionHeader.swift in Sources */ = {isa = PBXBuildFile; fileRef = 17C9F0EC2AEAC356005CC7ED /* TrackersCollectionViewSectionHeader.swift */; };
/* End PBXBuildFile section */

/* Begin PBXFileReference section */
		17142ACE2B24E66600AD195C /* TrackerCategoryViewController.swift */ = {isa = PBXFileReference; lastKnownFileType = sourcecode.swift; path = TrackerCategoryViewController.swift; sourceTree = "<group>"; };
		17142AD22B27228C00AD195C /* IrregularTrackerCreationViewController.swift */ = {isa = PBXFileReference; lastKnownFileType = sourcecode.swift; path = IrregularTrackerCreationViewController.swift; sourceTree = "<group>"; };
		173423172B1F4223003DE074 /* UITextField+Extetions.swift */ = {isa = PBXFileReference; lastKnownFileType = sourcecode.swift; path = "UITextField+Extetions.swift"; sourceTree = "<group>"; };
		173423192B1F4838003DE074 /* TrackerScheduleViewController.swift */ = {isa = PBXFileReference; lastKnownFileType = sourcecode.swift; path = TrackerScheduleViewController.swift; sourceTree = "<group>"; };
		1734231B2B2089AA003DE074 /* ScheduleCell.swift */ = {isa = PBXFileReference; lastKnownFileType = sourcecode.swift; path = ScheduleCell.swift; sourceTree = "<group>"; };
		173A521F2B29E8C6001A9CC6 /* PropertiesCollectionViewSectionHeader.swift */ = {isa = PBXFileReference; lastKnownFileType = sourcecode.swift; path = PropertiesCollectionViewSectionHeader.swift; sourceTree = "<group>"; };
		174A0C922B287EBF009F9EF2 /* EmojiCell.swift */ = {isa = PBXFileReference; lastKnownFileType = sourcecode.swift; path = EmojiCell.swift; sourceTree = "<group>"; };
		174A0C942B28C8B9009F9EF2 /* ColorCell.swift */ = {isa = PBXFileReference; lastKnownFileType = sourcecode.swift; path = ColorCell.swift; sourceTree = "<group>"; };
		174C26402B27783200AB1A1F /* UIColor+Extensions.swift */ = {isa = PBXFileReference; lastKnownFileType = sourcecode.swift; path = "UIColor+Extensions.swift"; sourceTree = "<group>"; };
		17A5B2762B387CBB000BB8E2 /* TrackerStore.swift */ = {isa = PBXFileReference; lastKnownFileType = sourcecode.swift; path = TrackerStore.swift; sourceTree = "<group>"; };
		17A5B2782B389318000BB8E2 /* TrackerCategoryStore.swift */ = {isa = PBXFileReference; lastKnownFileType = sourcecode.swift; path = TrackerCategoryStore.swift; sourceTree = "<group>"; };
		17A5B27A2B38940E000BB8E2 /* TrackerRecordStore.swift */ = {isa = PBXFileReference; lastKnownFileType = sourcecode.swift; path = TrackerRecordStore.swift; sourceTree = "<group>"; };
		17B336562B30524B00A14BF2 /* TrackersData.xcdatamodel */ = {isa = PBXFileReference; lastKnownFileType = wrapper.xcdatamodel; path = TrackersData.xcdatamodel; sourceTree = "<group>"; };
		17B8E7622AE0491B00875EE0 /* HabitsTracker.app */ = {isa = PBXFileReference; explicitFileType = wrapper.application; includeInIndex = 0; path = HabitsTracker.app; sourceTree = BUILT_PRODUCTS_DIR; };
		17B8E7652AE0491B00875EE0 /* AppDelegate.swift */ = {isa = PBXFileReference; lastKnownFileType = sourcecode.swift; path = AppDelegate.swift; sourceTree = "<group>"; };
		17B8E76E2AE0491C00875EE0 /* Assets.xcassets */ = {isa = PBXFileReference; lastKnownFileType = folder.assetcatalog; path = Assets.xcassets; sourceTree = "<group>"; };
		17B8E7712AE0491C00875EE0 /* Base */ = {isa = PBXFileReference; lastKnownFileType = file.storyboard; name = Base; path = Base.lproj/LaunchScreen.storyboard; sourceTree = "<group>"; };
		17B8E7732AE0491C00875EE0 /* Info.plist */ = {isa = PBXFileReference; lastKnownFileType = text.plist.xml; path = Info.plist; sourceTree = "<group>"; };
		17B8E7792AE04AB700875EE0 /* SplashScreenViewController.swift */ = {isa = PBXFileReference; lastKnownFileType = sourcecode.swift; path = SplashScreenViewController.swift; sourceTree = "<group>"; };
		17B8E77B2AE04AD000875EE0 /* TabBarController.swift */ = {isa = PBXFileReference; lastKnownFileType = sourcecode.swift; path = TabBarController.swift; sourceTree = "<group>"; };
		17B8E77D2AE04AE700875EE0 /* StatisticsViewController.swift */ = {isa = PBXFileReference; lastKnownFileType = sourcecode.swift; path = StatisticsViewController.swift; sourceTree = "<group>"; };
		17B8E77F2AE04AFD00875EE0 /* TrackersViewController.swift */ = {isa = PBXFileReference; lastKnownFileType = sourcecode.swift; path = TrackersViewController.swift; sourceTree = "<group>"; };
		17C23AFE2AE275B8003148BF /* TrackerCell.swift */ = {isa = PBXFileReference; lastKnownFileType = sourcecode.swift; path = TrackerCell.swift; sourceTree = "<group>"; };
		17C23B062AE3FC6B003148BF /* TrackerTypeChoiceViewController.swift */ = {isa = PBXFileReference; lastKnownFileType = sourcecode.swift; path = TrackerTypeChoiceViewController.swift; sourceTree = "<group>"; };
		17C9F0E02AE66F5B005CC7ED /* TrackerCreationViewController.swift */ = {isa = PBXFileReference; lastKnownFileType = sourcecode.swift; path = TrackerCreationViewController.swift; sourceTree = "<group>"; };
		17C9F0E32AEA7E80005CC7ED /* Tracker.swift */ = {isa = PBXFileReference; lastKnownFileType = sourcecode.swift; path = Tracker.swift; sourceTree = "<group>"; };
		17C9F0E62AEA7FA3005CC7ED /* TrackerSchedule.swift */ = {isa = PBXFileReference; lastKnownFileType = sourcecode.swift; path = TrackerSchedule.swift; sourceTree = "<group>"; };
		17C9F0E82AEA8037005CC7ED /* TrackerCategory.swift */ = {isa = PBXFileReference; lastKnownFileType = sourcecode.swift; path = TrackerCategory.swift; sourceTree = "<group>"; };
		17C9F0EA2AEA80DE005CC7ED /* TrackerRecord.swift */ = {isa = PBXFileReference; lastKnownFileType = sourcecode.swift; path = TrackerRecord.swift; sourceTree = "<group>"; };
		17C9F0EC2AEAC356005CC7ED /* TrackersCollectionViewSectionHeader.swift */ = {isa = PBXFileReference; lastKnownFileType = sourcecode.swift; path = TrackersCollectionViewSectionHeader.swift; sourceTree = "<group>"; };
/* End PBXFileReference section */

/* Begin PBXFrameworksBuildPhase section */
		17B8E75F2AE0491B00875EE0 /* Frameworks */ = {
			isa = PBXFrameworksBuildPhase;
			buildActionMask = 2147483647;
			files = (
				17C23B032AE2C123003148BF /* EmojiPicker in Frameworks */,
			);
			runOnlyForDeploymentPostprocessing = 0;
		};
/* End PBXFrameworksBuildPhase section */

/* Begin PBXGroup section */
		173423162B1F420E003DE074 /* Extensions */ = {
			isa = PBXGroup;
			children = (
				173423172B1F4223003DE074 /* UITextField+Extetions.swift */,
				174C26402B27783200AB1A1F /* UIColor+Extensions.swift */,
			);
			path = Extensions;
			sourceTree = "<group>";
		};
		174A0C8A2B285ECD009F9EF2 /* Subviews */ = {
			isa = PBXGroup;
			children = (
				17C9F0EC2AEAC356005CC7ED /* TrackersCollectionViewSectionHeader.swift */,
				17C23AFE2AE275B8003148BF /* TrackerCell.swift */,
			);
			path = Subviews;
			sourceTree = "<group>";
		};
		174A0C8B2B285F1A009F9EF2 /* Subviews */ = {
			isa = PBXGroup;
			children = (
				1734231B2B2089AA003DE074 /* ScheduleCell.swift */,
			);
			path = Subviews;
			sourceTree = "<group>";
		};
		174A0C8C2B285F9F009F9EF2 /* TrackersSchedule */ = {
			isa = PBXGroup;
			children = (
				174A0C8B2B285F1A009F9EF2 /* Subviews */,
				173423192B1F4838003DE074 /* TrackerScheduleViewController.swift */,
			);
			path = TrackersSchedule;
			sourceTree = "<group>";
		};
		174A0C8D2B285FD1009F9EF2 /* TrackersCategory */ = {
			isa = PBXGroup;
			children = (
				17142ACE2B24E66600AD195C /* TrackerCategoryViewController.swift */,
			);
			path = TrackersCategory;
			sourceTree = "<group>";
		};
		174A0C8E2B28605A009F9EF2 /* UserStatistics */ = {
			isa = PBXGroup;
			children = (
				17B8E77D2AE04AE700875EE0 /* StatisticsViewController.swift */,
			);
			path = UserStatistics;
			sourceTree = "<group>";
		};
		174A0C8F2B286077009F9EF2 /* Navigation */ = {
			isa = PBXGroup;
			children = (
				17B8E7792AE04AB700875EE0 /* SplashScreenViewController.swift */,
				17B8E77B2AE04AD000875EE0 /* TabBarController.swift */,
			);
			path = Navigation;
			sourceTree = "<group>";
		};
		174A0C912B287EAC009F9EF2 /* Subviews */ = {
			isa = PBXGroup;
			children = (
				174A0C922B287EBF009F9EF2 /* EmojiCell.swift */,
				174A0C942B28C8B9009F9EF2 /* ColorCell.swift */,
				173A521F2B29E8C6001A9CC6 /* PropertiesCollectionViewSectionHeader.swift */,
			);
			path = Subviews;
			sourceTree = "<group>";
		};
		174A0C962B29E08C009F9EF2 /* UIComponents */ = {
			isa = PBXGroup;
			children = (
			);
			path = UIComponents;
			sourceTree = "<group>";
		};
		17A5B27C2B39909B000BB8E2 /* CoreData */ = {
			isa = PBXGroup;
			children = (
				17A5B2762B387CBB000BB8E2 /* TrackerStore.swift */,
				17A5B2782B389318000BB8E2 /* TrackerCategoryStore.swift */,
				17A5B27A2B38940E000BB8E2 /* TrackerRecordStore.swift */,
				17B336552B30524B00A14BF2 /* TrackersData.xcdatamodeld */,
			);
			path = CoreData;
			sourceTree = "<group>";
		};
		17B8E7592AE0491B00875EE0 = {
			isa = PBXGroup;
			children = (
				17B8E7642AE0491B00875EE0 /* HabitsTracker */,
				17B8E7632AE0491B00875EE0 /* Products */,
			);
			sourceTree = "<group>";
		};
		17B8E7632AE0491B00875EE0 /* Products */ = {
			isa = PBXGroup;
			children = (
				17B8E7622AE0491B00875EE0 /* HabitsTracker.app */,
			);
			name = Products;
			sourceTree = "<group>";
		};
		17B8E7642AE0491B00875EE0 /* HabitsTracker */ = {
			isa = PBXGroup;
			children = (
				174A0C962B29E08C009F9EF2 /* UIComponents */,
				17C23B002AE275BF003148BF /* Modules */,
				173423162B1F420E003DE074 /* Extensions */,
				17C9F0E22AEA7E6B005CC7ED /* Models */,
				17A5B27C2B39909B000BB8E2 /* CoreData */,
				17B8E7652AE0491B00875EE0 /* AppDelegate.swift */,
				17B8E76E2AE0491C00875EE0 /* Assets.xcassets */,
				17B8E7702AE0491C00875EE0 /* LaunchScreen.storyboard */,
				17B8E7732AE0491C00875EE0 /* Info.plist */,
			);
			path = HabitsTracker;
			sourceTree = "<group>";
		};
		17C23B002AE275BF003148BF /* Modules */ = {
			isa = PBXGroup;
			children = (
				174A0C8F2B286077009F9EF2 /* Navigation */,
				174A0C8E2B28605A009F9EF2 /* UserStatistics */,
				17C23B042AE3FC37003148BF /* TrackersPresentation */,
				17C23B052AE3FC4E003148BF /* TrackersCreation */,
				174A0C8D2B285FD1009F9EF2 /* TrackersCategory */,
				174A0C8C2B285F9F009F9EF2 /* TrackersSchedule */,
			);
			path = Modules;
			sourceTree = "<group>";
		};
		17C23B042AE3FC37003148BF /* TrackersPresentation */ = {
			isa = PBXGroup;
			children = (
				174A0C8A2B285ECD009F9EF2 /* Subviews */,
				17B8E77F2AE04AFD00875EE0 /* TrackersViewController.swift */,
			);
			path = TrackersPresentation;
			sourceTree = "<group>";
		};
		17C23B052AE3FC4E003148BF /* TrackersCreation */ = {
			isa = PBXGroup;
			children = (
				174A0C912B287EAC009F9EF2 /* Subviews */,
				17C23B062AE3FC6B003148BF /* TrackerTypeChoiceViewController.swift */,
				17C9F0E02AE66F5B005CC7ED /* TrackerCreationViewController.swift */,
				17142AD22B27228C00AD195C /* IrregularTrackerCreationViewController.swift */,
			);
			path = TrackersCreation;
			sourceTree = "<group>";
		};
		17C9F0E22AEA7E6B005CC7ED /* Models */ = {
			isa = PBXGroup;
			children = (
				17C9F0E32AEA7E80005CC7ED /* Tracker.swift */,
				17C9F0E82AEA8037005CC7ED /* TrackerCategory.swift */,
				17C9F0E62AEA7FA3005CC7ED /* TrackerSchedule.swift */,
				17C9F0EA2AEA80DE005CC7ED /* TrackerRecord.swift */,
			);
			path = Models;
			sourceTree = "<group>";
		};
/* End PBXGroup section */

/* Begin PBXNativeTarget section */
		17B8E7612AE0491B00875EE0 /* HabitsTracker */ = {
			isa = PBXNativeTarget;
			buildConfigurationList = 17B8E7762AE0491C00875EE0 /* Build configuration list for PBXNativeTarget "HabitsTracker" */;
			buildPhases = (
				174A0C902B28688A009F9EF2 /* ShellScript */,
				17B8E75E2AE0491B00875EE0 /* Sources */,
				17B8E75F2AE0491B00875EE0 /* Frameworks */,
				17B8E7602AE0491B00875EE0 /* Resources */,
			);
			buildRules = (
			);
			dependencies = (
			);
			name = HabitsTracker;
			packageProductDependencies = (
				17C23B022AE2C123003148BF /* EmojiPicker */,
			);
			productName = HabitsTracker;
			productReference = 17B8E7622AE0491B00875EE0 /* HabitsTracker.app */;
			productType = "com.apple.product-type.application";
		};
/* End PBXNativeTarget section */

/* Begin PBXProject section */
		17B8E75A2AE0491B00875EE0 /* Project object */ = {
			isa = PBXProject;
			attributes = {
				BuildIndependentTargetsInParallel = 1;
				LastSwiftUpdateCheck = 1430;
				LastUpgradeCheck = 1430;
				TargetAttributes = {
					17B8E7612AE0491B00875EE0 = {
						CreatedOnToolsVersion = 14.3.1;
					};
				};
			};
			buildConfigurationList = 17B8E75D2AE0491B00875EE0 /* Build configuration list for PBXProject "HabitsTracker" */;
			compatibilityVersion = "Xcode 14.0";
			developmentRegion = en;
			hasScannedForEncodings = 0;
			knownRegions = (
				en,
				Base,
			);
			mainGroup = 17B8E7592AE0491B00875EE0;
			packageReferences = (
				17C23B012AE2C123003148BF /* XCRemoteSwiftPackageReference "EmojiPicker" */,
			);
			productRefGroup = 17B8E7632AE0491B00875EE0 /* Products */;
			projectDirPath = "";
			projectRoot = "";
			targets = (
				17B8E7612AE0491B00875EE0 /* HabitsTracker */,
			);
		};
/* End PBXProject section */

/* Begin PBXResourcesBuildPhase section */
		17B8E7602AE0491B00875EE0 /* Resources */ = {
			isa = PBXResourcesBuildPhase;
			buildActionMask = 2147483647;
			files = (
				17B8E7722AE0491C00875EE0 /* LaunchScreen.storyboard in Resources */,
				17B8E76F2AE0491C00875EE0 /* Assets.xcassets in Resources */,
			);
			runOnlyForDeploymentPostprocessing = 0;
		};
/* End PBXResourcesBuildPhase section */

/* Begin PBXShellScriptBuildPhase section */
		174A0C902B28688A009F9EF2 /* ShellScript */ = {
			isa = PBXShellScriptBuildPhase;
			alwaysOutOfDate = 1;
			buildActionMask = 2147483647;
			files = (
			);
			inputFileListPaths = (
			);
			inputPaths = (
			);
			outputFileListPaths = (
			);
			outputPaths = (
			);
			runOnlyForDeploymentPostprocessing = 0;
			shellPath = /bin/sh;
			shellScript = "export PATH=\"$PATH:/opt/homebrew/bin\"\nif which swiftlint > /dev/null; then\n  swiftlint\nelse\n  echo \"warning: SwiftLint not installed, download from https://github.com/realm/SwiftLint\"\nfi\n";
			showEnvVarsInLog = 0;
		};
/* End PBXShellScriptBuildPhase section */

/* Begin PBXSourcesBuildPhase section */
		17B8E75E2AE0491B00875EE0 /* Sources */ = {
			isa = PBXSourcesBuildPhase;
			buildActionMask = 2147483647;
			files = (
				17C9F0EB2AEA80DE005CC7ED /* TrackerRecord.swift in Sources */,
				17C23B072AE3FC6B003148BF /* TrackerTypeChoiceViewController.swift in Sources */,
				17B336572B30524B00A14BF2 /* TrackersData.xcdatamodeld in Sources */,
				17B8E7662AE0491B00875EE0 /* AppDelegate.swift in Sources */,
				17142AD32B27228C00AD195C /* IrregularTrackerCreationViewController.swift in Sources */,
				17A5B27B2B38940E000BB8E2 /* TrackerRecordStore.swift in Sources */,
				17C9F0E72AEA7FA3005CC7ED /* TrackerSchedule.swift in Sources */,
				17C9F0E42AEA7E80005CC7ED /* Tracker.swift in Sources */,
				1734231C2B2089AA003DE074 /* ScheduleCell.swift in Sources */,
				17B8E77E2AE04AE700875EE0 /* StatisticsViewController.swift in Sources */,
				17142ACF2B24E66600AD195C /* TrackerCategoryViewController.swift in Sources */,
				1734231A2B1F4838003DE074 /* TrackerScheduleViewController.swift in Sources */,
				17B8E77C2AE04AD000875EE0 /* TabBarController.swift in Sources */,
				174A0C952B28C8B9009F9EF2 /* ColorCell.swift in Sources */,
				174C26412B27783200AB1A1F /* UIColor+Extensions.swift in Sources */,
				17A5B2772B387CBB000BB8E2 /* TrackerStore.swift in Sources */,
				173423182B1F4223003DE074 /* UITextField+Extetions.swift in Sources */,
				17A5B2792B389318000BB8E2 /* TrackerCategoryStore.swift in Sources */,
				173A52202B29E8C6001A9CC6 /* PropertiesCollectionViewSectionHeader.swift in Sources */,
				17C9F0ED2AEAC356005CC7ED /* TrackersCollectionViewSectionHeader.swift in Sources */,
				17C9F0E92AEA8037005CC7ED /* TrackerCategory.swift in Sources */,
				174A0C932B287EBF009F9EF2 /* EmojiCell.swift in Sources */,
				17C9F0E12AE66F5B005CC7ED /* TrackerCreationViewController.swift in Sources */,
				17C23AFF2AE275B8003148BF /* TrackerCell.swift in Sources */,
				17B8E7802AE04AFD00875EE0 /* TrackersViewController.swift in Sources */,
				17B8E77A2AE04AB700875EE0 /* SplashScreenViewController.swift in Sources */,
			);
			runOnlyForDeploymentPostprocessing = 0;
		};
/* End PBXSourcesBuildPhase section */

/* Begin PBXVariantGroup section */
		17B8E7702AE0491C00875EE0 /* LaunchScreen.storyboard */ = {
			isa = PBXVariantGroup;
			children = (
				17B8E7712AE0491C00875EE0 /* Base */,
			);
			name = LaunchScreen.storyboard;
			sourceTree = "<group>";
		};
/* End PBXVariantGroup section */

/* Begin XCBuildConfiguration section */
		17B8E7742AE0491C00875EE0 /* Debug */ = {
			isa = XCBuildConfiguration;
			buildSettings = {
				ALWAYS_SEARCH_USER_PATHS = NO;
				CLANG_ANALYZER_NONNULL = YES;
				CLANG_ANALYZER_NUMBER_OBJECT_CONVERSION = YES_AGGRESSIVE;
				CLANG_CXX_LANGUAGE_STANDARD = "gnu++20";
				CLANG_ENABLE_MODULES = YES;
				CLANG_ENABLE_OBJC_ARC = YES;
				CLANG_ENABLE_OBJC_WEAK = YES;
				CLANG_WARN_BLOCK_CAPTURE_AUTORELEASING = YES;
				CLANG_WARN_BOOL_CONVERSION = YES;
				CLANG_WARN_COMMA = YES;
				CLANG_WARN_CONSTANT_CONVERSION = YES;
				CLANG_WARN_DEPRECATED_OBJC_IMPLEMENTATIONS = YES;
				CLANG_WARN_DIRECT_OBJC_ISA_USAGE = YES_ERROR;
				CLANG_WARN_DOCUMENTATION_COMMENTS = YES;
				CLANG_WARN_EMPTY_BODY = YES;
				CLANG_WARN_ENUM_CONVERSION = YES;
				CLANG_WARN_INFINITE_RECURSION = YES;
				CLANG_WARN_INT_CONVERSION = YES;
				CLANG_WARN_NON_LITERAL_NULL_CONVERSION = YES;
				CLANG_WARN_OBJC_IMPLICIT_RETAIN_SELF = YES;
				CLANG_WARN_OBJC_LITERAL_CONVERSION = YES;
				CLANG_WARN_OBJC_ROOT_CLASS = YES_ERROR;
				CLANG_WARN_QUOTED_INCLUDE_IN_FRAMEWORK_HEADER = YES;
				CLANG_WARN_RANGE_LOOP_ANALYSIS = YES;
				CLANG_WARN_STRICT_PROTOTYPES = YES;
				CLANG_WARN_SUSPICIOUS_MOVE = YES;
				CLANG_WARN_UNGUARDED_AVAILABILITY = YES_AGGRESSIVE;
				CLANG_WARN_UNREACHABLE_CODE = YES;
				CLANG_WARN__DUPLICATE_METHOD_MATCH = YES;
				COPY_PHASE_STRIP = NO;
				DEBUG_INFORMATION_FORMAT = dwarf;
				ENABLE_STRICT_OBJC_MSGSEND = YES;
				ENABLE_TESTABILITY = YES;
				GCC_C_LANGUAGE_STANDARD = gnu11;
				GCC_DYNAMIC_NO_PIC = NO;
				GCC_NO_COMMON_BLOCKS = YES;
				GCC_OPTIMIZATION_LEVEL = 0;
				GCC_PREPROCESSOR_DEFINITIONS = (
					"DEBUG=1",
					"$(inherited)",
				);
				GCC_WARN_64_TO_32_BIT_CONVERSION = YES;
				GCC_WARN_ABOUT_RETURN_TYPE = YES_ERROR;
				GCC_WARN_UNDECLARED_SELECTOR = YES;
				GCC_WARN_UNINITIALIZED_AUTOS = YES_AGGRESSIVE;
				GCC_WARN_UNUSED_FUNCTION = YES;
				GCC_WARN_UNUSED_VARIABLE = YES;
				IPHONEOS_DEPLOYMENT_TARGET = 16.4;
				MTL_ENABLE_DEBUG_INFO = INCLUDE_SOURCE;
				MTL_FAST_MATH = YES;
				ONLY_ACTIVE_ARCH = YES;
				SDKROOT = iphoneos;
				SWIFT_ACTIVE_COMPILATION_CONDITIONS = DEBUG;
				SWIFT_OPTIMIZATION_LEVEL = "-Onone";
			};
			name = Debug;
		};
		17B8E7752AE0491C00875EE0 /* Release */ = {
			isa = XCBuildConfiguration;
			buildSettings = {
				ALWAYS_SEARCH_USER_PATHS = NO;
				CLANG_ANALYZER_NONNULL = YES;
				CLANG_ANALYZER_NUMBER_OBJECT_CONVERSION = YES_AGGRESSIVE;
				CLANG_CXX_LANGUAGE_STANDARD = "gnu++20";
				CLANG_ENABLE_MODULES = YES;
				CLANG_ENABLE_OBJC_ARC = YES;
				CLANG_ENABLE_OBJC_WEAK = YES;
				CLANG_WARN_BLOCK_CAPTURE_AUTORELEASING = YES;
				CLANG_WARN_BOOL_CONVERSION = YES;
				CLANG_WARN_COMMA = YES;
				CLANG_WARN_CONSTANT_CONVERSION = YES;
				CLANG_WARN_DEPRECATED_OBJC_IMPLEMENTATIONS = YES;
				CLANG_WARN_DIRECT_OBJC_ISA_USAGE = YES_ERROR;
				CLANG_WARN_DOCUMENTATION_COMMENTS = YES;
				CLANG_WARN_EMPTY_BODY = YES;
				CLANG_WARN_ENUM_CONVERSION = YES;
				CLANG_WARN_INFINITE_RECURSION = YES;
				CLANG_WARN_INT_CONVERSION = YES;
				CLANG_WARN_NON_LITERAL_NULL_CONVERSION = YES;
				CLANG_WARN_OBJC_IMPLICIT_RETAIN_SELF = YES;
				CLANG_WARN_OBJC_LITERAL_CONVERSION = YES;
				CLANG_WARN_OBJC_ROOT_CLASS = YES_ERROR;
				CLANG_WARN_QUOTED_INCLUDE_IN_FRAMEWORK_HEADER = YES;
				CLANG_WARN_RANGE_LOOP_ANALYSIS = YES;
				CLANG_WARN_STRICT_PROTOTYPES = YES;
				CLANG_WARN_SUSPICIOUS_MOVE = YES;
				CLANG_WARN_UNGUARDED_AVAILABILITY = YES_AGGRESSIVE;
				CLANG_WARN_UNREACHABLE_CODE = YES;
				CLANG_WARN__DUPLICATE_METHOD_MATCH = YES;
				COPY_PHASE_STRIP = NO;
				DEBUG_INFORMATION_FORMAT = "dwarf-with-dsym";
				ENABLE_NS_ASSERTIONS = NO;
				ENABLE_STRICT_OBJC_MSGSEND = YES;
				GCC_C_LANGUAGE_STANDARD = gnu11;
				GCC_NO_COMMON_BLOCKS = YES;
				GCC_WARN_64_TO_32_BIT_CONVERSION = YES;
				GCC_WARN_ABOUT_RETURN_TYPE = YES_ERROR;
				GCC_WARN_UNDECLARED_SELECTOR = YES;
				GCC_WARN_UNINITIALIZED_AUTOS = YES_AGGRESSIVE;
				GCC_WARN_UNUSED_FUNCTION = YES;
				GCC_WARN_UNUSED_VARIABLE = YES;
				IPHONEOS_DEPLOYMENT_TARGET = 16.4;
				MTL_ENABLE_DEBUG_INFO = NO;
				MTL_FAST_MATH = YES;
				SDKROOT = iphoneos;
				SWIFT_COMPILATION_MODE = wholemodule;
				SWIFT_OPTIMIZATION_LEVEL = "-O";
				VALIDATE_PRODUCT = YES;
			};
			name = Release;
		};
		17B8E7772AE0491C00875EE0 /* Debug */ = {
			isa = XCBuildConfiguration;
			buildSettings = {
				ASSETCATALOG_COMPILER_APPICON_NAME = AppIcon;
				ASSETCATALOG_COMPILER_GLOBAL_ACCENT_COLOR_NAME = AccentColor;
				CODE_SIGN_STYLE = Automatic;
				CURRENT_PROJECT_VERSION = 1;
				DEVELOPMENT_TEAM = 7N5WC939T7;
				GENERATE_INFOPLIST_FILE = YES;
				INFOPLIST_FILE = HabitsTracker/Info.plist;
				INFOPLIST_KEY_UIApplicationSupportsIndirectInputEvents = YES;
				INFOPLIST_KEY_UILaunchStoryboardName = LaunchScreen;
				INFOPLIST_KEY_UISupportedInterfaceOrientations_iPad = "UIInterfaceOrientationPortrait UIInterfaceOrientationPortraitUpsideDown UIInterfaceOrientationLandscapeLeft UIInterfaceOrientationLandscapeRight";
				INFOPLIST_KEY_UISupportedInterfaceOrientations_iPhone = "UIInterfaceOrientationPortrait UIInterfaceOrientationLandscapeLeft UIInterfaceOrientationLandscapeRight";
				IPHONEOS_DEPLOYMENT_TARGET = 13.4;
				LD_RUNPATH_SEARCH_PATHS = (
					"$(inherited)",
					"@executable_path/Frameworks",
				);
				MARKETING_VERSION = 1.0;
				PRODUCT_BUNDLE_IDENTIFIER = com.aleksizverev.HabitsTracker;
				PRODUCT_NAME = "$(TARGET_NAME)";
				SWIFT_EMIT_LOC_STRINGS = YES;
				SWIFT_VERSION = 5.0;
				TARGETED_DEVICE_FAMILY = "1,2";
			};
			name = Debug;
		};
		17B8E7782AE0491C00875EE0 /* Release */ = {
			isa = XCBuildConfiguration;
			buildSettings = {
				ASSETCATALOG_COMPILER_APPICON_NAME = AppIcon;
				ASSETCATALOG_COMPILER_GLOBAL_ACCENT_COLOR_NAME = AccentColor;
				CODE_SIGN_STYLE = Automatic;
				CURRENT_PROJECT_VERSION = 1;
				DEVELOPMENT_TEAM = 7N5WC939T7;
				GENERATE_INFOPLIST_FILE = YES;
				INFOPLIST_FILE = HabitsTracker/Info.plist;
				INFOPLIST_KEY_UIApplicationSupportsIndirectInputEvents = YES;
				INFOPLIST_KEY_UILaunchStoryboardName = LaunchScreen;
				INFOPLIST_KEY_UISupportedInterfaceOrientations_iPad = "UIInterfaceOrientationPortrait UIInterfaceOrientationPortraitUpsideDown UIInterfaceOrientationLandscapeLeft UIInterfaceOrientationLandscapeRight";
				INFOPLIST_KEY_UISupportedInterfaceOrientations_iPhone = "UIInterfaceOrientationPortrait UIInterfaceOrientationLandscapeLeft UIInterfaceOrientationLandscapeRight";
				IPHONEOS_DEPLOYMENT_TARGET = 13.4;
				LD_RUNPATH_SEARCH_PATHS = (
					"$(inherited)",
					"@executable_path/Frameworks",
				);
				MARKETING_VERSION = 1.0;
				PRODUCT_BUNDLE_IDENTIFIER = com.aleksizverev.HabitsTracker;
				PRODUCT_NAME = "$(TARGET_NAME)";
				SWIFT_EMIT_LOC_STRINGS = YES;
				SWIFT_VERSION = 5.0;
				TARGETED_DEVICE_FAMILY = "1,2";
			};
			name = Release;
		};
/* End XCBuildConfiguration section */

/* Begin XCConfigurationList section */
		17B8E75D2AE0491B00875EE0 /* Build configuration list for PBXProject "HabitsTracker" */ = {
			isa = XCConfigurationList;
			buildConfigurations = (
				17B8E7742AE0491C00875EE0 /* Debug */,
				17B8E7752AE0491C00875EE0 /* Release */,
			);
			defaultConfigurationIsVisible = 0;
			defaultConfigurationName = Release;
		};
		17B8E7762AE0491C00875EE0 /* Build configuration list for PBXNativeTarget "HabitsTracker" */ = {
			isa = XCConfigurationList;
			buildConfigurations = (
				17B8E7772AE0491C00875EE0 /* Debug */,
				17B8E7782AE0491C00875EE0 /* Release */,
			);
			defaultConfigurationIsVisible = 0;
			defaultConfigurationName = Release;
		};
/* End XCConfigurationList section */

/* Begin XCRemoteSwiftPackageReference section */
		17C23B012AE2C123003148BF /* XCRemoteSwiftPackageReference "EmojiPicker" */ = {
			isa = XCRemoteSwiftPackageReference;
			repositoryURL = "https://github.com/htmlprogrammist/EmojiPicker";
			requirement = {
				kind = upToNextMajorVersion;
				minimumVersion = 3.0.0;
			};
		};
/* End XCRemoteSwiftPackageReference section */

/* Begin XCSwiftPackageProductDependency section */
		17C23B022AE2C123003148BF /* EmojiPicker */ = {
			isa = XCSwiftPackageProductDependency;
			package = 17C23B012AE2C123003148BF /* XCRemoteSwiftPackageReference "EmojiPicker" */;
			productName = EmojiPicker;
		};
/* End XCSwiftPackageProductDependency section */

/* Begin XCVersionGroup section */
		17B336552B30524B00A14BF2 /* TrackersData.xcdatamodeld */ = {
			isa = XCVersionGroup;
			children = (
				17B336562B30524B00A14BF2 /* TrackersData.xcdatamodel */,
			);
			currentVersion = 17B336562B30524B00A14BF2 /* TrackersData.xcdatamodel */;
			path = TrackersData.xcdatamodeld;
			sourceTree = "<group>";
			versionGroupType = wrapper.xcdatamodel;
		};
/* End XCVersionGroup section */
	};
	rootObject = 17B8E75A2AE0491B00875EE0 /* Project object */;
}
